
Microsoft Visual Studio Solution File, Format Version 12.00
# Visual Studio Version 17
VisualStudioVersion = 17.5.33502.453
MinimumVisualStudioVersion = 10.0.40219.1
Project("{FAE04EC0-301F-11D3-BF4B-00C04F79EFBC}") = "Task_6", "Task_6\Task_6.csproj", "{DBBCEFBF-68A4-4899-A34A-78E73F8BF57A}"
EndProject
Project("{FAE04EC0-301F-11D3-BF4B-00C04F79EFBC}") = "Task_4", "Task_4\Task_4.csproj", "{D0217512-EDC3-4745-ACC8-0D26E978C107}"
EndProject
Project("{FAE04EC0-301F-11D3-BF4B-00C04F79EFBC}") = "Task_3", "Task_3\Task_3.csproj", "{E51A047F-8AD4-4978-A861-938DBB5EEB7A}"
EndProject
Project("{FAE04EC0-301F-11D3-BF4B-00C04F79EFBC}") = "Task_2", "Task_2\Task_2.csproj", "{5A55176F-D69E-49A7-9593-DDE9182F6B9B}"
EndProject
Global
	GlobalSection(SolutionConfigurationPlatforms) = preSolution
		Debug|Any CPU = Debug|Any CPU
		Release|Any CPU = Release|Any CPU
	EndGlobalSection
	GlobalSection(ProjectConfigurationPlatforms) = postSolution
		{DBBCEFBF-68A4-4899-A34A-78E73F8BF57A}.Debug|Any CPU.ActiveCfg = Debug|Any CPU
		{DBBCEFBF-68A4-4899-A34A-78E73F8BF57A}.Debug|Any CPU.Build.0 = Debug|Any CPU
		{DBBCEFBF-68A4-4899-A34A-78E73F8BF57A}.Release|Any CPU.ActiveCfg = Release|Any CPU
		{DBBCEFBF-68A4-4899-A34A-78E73F8BF57A}.Release|Any CPU.Build.0 = Release|Any CPU
		{D0217512-EDC3-4745-ACC8-0D26E978C107}.Debug|Any CPU.ActiveCfg = Debug|Any CPU
		{D0217512-EDC3-4745-ACC8-0D26E978C107}.Debug|Any CPU.Build.0 = Debug|Any CPU
		{D0217512-EDC3-4745-ACC8-0D26E978C107}.Release|Any CPU.ActiveCfg = Release|Any CPU
		{D0217512-EDC3-4745-ACC8-0D26E978C107}.Release|Any CPU.Build.0 = Release|Any CPU
		{E51A047F-8AD4-4978-A861-938DBB5EEB7A}.Debug|Any CPU.ActiveCfg = Debug|Any CPU
		{E51A047F-8AD4-4978-A861-938DBB5EEB7A}.Debug|Any CPU.Build.0 = Debug|Any CPU
		{E51A047F-8AD4-4978-A861-938DBB5EEB7A}.Release|Any CPU.ActiveCfg = Release|Any CPU
		{E51A047F-8AD4-4978-A861-938DBB5EEB7A}.Release|Any CPU.Build.0 = Release|Any CPU
		{5A55176F-D69E-49A7-9593-DDE9182F6B9B}.Debug|Any CPU.ActiveCfg = Debug|Any CPU
		{5A55176F-D69E-49A7-9593-DDE9182F6B9B}.Debug|Any CPU.Build.0 = Debug|Any CPU
		{5A55176F-D69E-49A7-9593-DDE9182F6B9B}.Release|Any CPU.ActiveCfg = Release|Any CPU
		{5A55176F-D69E-49A7-9593-DDE9182F6B9B}.Release|Any CPU.Build.0 = Release|Any CPU
	EndGlobalSection
	GlobalSection(SolutionProperties) = preSolution
		HideSolutionNode = FALSE
	EndGlobalSection
	GlobalSection(ExtensibilityGlobals) = postSolution
		SolutionGuid = {A3F34FBB-FB66-485F-B60F-B29FE317A2BC}
	EndGlobalSection
EndGlobal
